
Microsoft Visual Studio Solution File, Format Version 12.00
# Visual Studio Express 2012 for Windows Desktop
Project("{FAE04EC0-301F-11D3-BF4B-00C04F79EFBC}") = "LimeWorksV2", "TMRPG\TMRPG\LimeWorksV2.csproj", "{FD99EAF1-4A27-488E-BEF4-85E5AE20A10A}"
EndProject
Project("{FAE04EC0-301F-11D3-BF4B-00C04F79EFBC}") = "LimeWorksV2Content", "TMRPG\TMRPGContent\LimeWorksV2Content.contentproj", "{F56E988D-44C9-46CE-B01F-6D9EA246A101}"
EndProject
Global
	GlobalSection(SolutionConfigurationPlatforms) = preSolution
		Debug|x86 = Debug|x86
		Release|x86 = Release|x86
	EndGlobalSection
	GlobalSection(ProjectConfigurationPlatforms) = postSolution
		{FD99EAF1-4A27-488E-BEF4-85E5AE20A10A}.Debug|x86.ActiveCfg = Debug|x86
		{FD99EAF1-4A27-488E-BEF4-85E5AE20A10A}.Debug|x86.Build.0 = Debug|x86
		{FD99EAF1-4A27-488E-BEF4-85E5AE20A10A}.Release|x86.ActiveCfg = Release|x86
		{FD99EAF1-4A27-488E-BEF4-85E5AE20A10A}.Release|x86.Build.0 = Release|x86
		{F56E988D-44C9-46CE-B01F-6D9EA246A101}.Debug|x86.ActiveCfg = Debug|x86
		{F56E988D-44C9-46CE-B01F-6D9EA246A101}.Release|x86.ActiveCfg = Release|x86
	EndGlobalSection
	GlobalSection(SolutionProperties) = preSolution
		HideSolutionNode = FALSE
	EndGlobalSection
EndGlobal
